
Microsoft Visual Studio Solution File, Format Version 12.00
# Visual Studio Version 17
VisualStudioVersion = 17.0.31912.275
MinimumVisualStudioVersion = 10.0.40219.1
Project("{FAE04EC0-301F-11D3-BF4B-00C04F79EFBC}") = "DSRSummerPractice.WEB", "DSRSummerPractice.WEB\DSRSummerPractice.WEB.csproj", "{8669A30F-6462-4379-B2C5-35838D472793}"
	ProjectSection(ProjectDependencies) = postProject
		{41066449-7530-4C6B-BEAA-78725181DB82} = {41066449-7530-4C6B-BEAA-78725181DB82}
	EndProjectSection
EndProject
Project("{FAE04EC0-301F-11D3-BF4B-00C04F79EFBC}") = "DSRSummerPractice.Data", "DSRSummerPractice.Data\DSRSummerPractice.Data.csproj", "{41066449-7530-4C6B-BEAA-78725181DB82}"
EndProject
Project("{FAE04EC0-301F-11D3-BF4B-00C04F79EFBC}") = "DSRSummerPractice.Shared", "DSRSummerPractice.Shared\DSRSummerPractice.Shared.csproj", "{0E64B87A-4376-4E5F-8806-CE5C8EF4CF4D}"
EndProject
Global
	GlobalSection(SolutionConfigurationPlatforms) = preSolution
		Debug|Any CPU = Debug|Any CPU
		Release|Any CPU = Release|Any CPU
	EndGlobalSection
	GlobalSection(ProjectConfigurationPlatforms) = postSolution
		{8669A30F-6462-4379-B2C5-35838D472793}.Debug|Any CPU.ActiveCfg = Debug|Any CPU
		{8669A30F-6462-4379-B2C5-35838D472793}.Debug|Any CPU.Build.0 = Debug|Any CPU
		{8669A30F-6462-4379-B2C5-35838D472793}.Release|Any CPU.ActiveCfg = Release|Any CPU
		{8669A30F-6462-4379-B2C5-35838D472793}.Release|Any CPU.Build.0 = Release|Any CPU
		{41066449-7530-4C6B-BEAA-78725181DB82}.Debug|Any CPU.ActiveCfg = Debug|Any CPU
		{41066449-7530-4C6B-BEAA-78725181DB82}.Debug|Any CPU.Build.0 = Debug|Any CPU
		{41066449-7530-4C6B-BEAA-78725181DB82}.Release|Any CPU.ActiveCfg = Release|Any CPU
		{41066449-7530-4C6B-BEAA-78725181DB82}.Release|Any CPU.Build.0 = Release|Any CPU
		{0E64B87A-4376-4E5F-8806-CE5C8EF4CF4D}.Debug|Any CPU.ActiveCfg = Debug|Any CPU
		{0E64B87A-4376-4E5F-8806-CE5C8EF4CF4D}.Debug|Any CPU.Build.0 = Debug|Any CPU
		{0E64B87A-4376-4E5F-8806-CE5C8EF4CF4D}.Release|Any CPU.ActiveCfg = Release|Any CPU
		{0E64B87A-4376-4E5F-8806-CE5C8EF4CF4D}.Release|Any CPU.Build.0 = Release|Any CPU
	EndGlobalSection
	GlobalSection(SolutionProperties) = preSolution
		HideSolutionNode = FALSE
	EndGlobalSection
	GlobalSection(ExtensibilityGlobals) = postSolution
		SolutionGuid = {4B9632EF-3E2B-4BF1-8F5A-653CEEFAF18E}
	EndGlobalSection
EndGlobal
